# THIS IS AN AUTOGENERATED FILE. DO NOT EDIT THIS FILE DIRECTLY.
# yarn lockfile v1


formik-material-ui-pickers@^0.0.4:
  version "0.0.4"
  resolved "https://registry.npm.taobao.org/formik-material-ui-pickers/download/formik-material-ui-pickers-0.0.4.tgz#7b532e3c36747ee6a1e98bd8bf7033dc01ed3258"
  integrity sha1-e1MuPDZ0fuah6YvYv3Az3AHtMlg=

formik-material-ui@^2.0.0-alpha.3:
  version "2.0.0-alpha.3"
  resolved "https://registry.npm.taobao.org/formik-material-ui/download/formik-material-ui-2.0.0-alpha.3.tgz#1f5e4d98068686fa1c1c0cf54e75b51e92b14981"
  integrity sha1-H15NmAaGhvocHAz1TnW1HpKxSYE=
